{
  "object": {
    "pins": [
      {
        "package": "SFSafeSymbols",
        "repositoryURL": "https://github.com/SFSafeSymbols/SFSafeSymbols.git",
        "state": {
          "branch": "stable",
          "revision": "846e558cda47e1a2d2cea988a9c18378f830bddf",
          "version": null
        }
      }
    ]
  },
  "version": 1
}
